# This file is automatically @generated by Cargo.
# It is not intended for manual editing.
version = 3

[[package]]
name = "log"
version = "0.4.21"
source = "registry+https://github.com/rust-lang/crates.io-index"
checksum = "90ed8c1e510134f979dbc4f070f87d4313098b704861a105fe34231c70a3901c"

[[package]]
name = "pkg-config"
version = "0.3.30"
source = "registry+https://github.com/rust-lang/crates.io-index"
checksum = "d231b230927b5e4ad203db57bbcbee2802f6bce620b1e4a9024a07d94e2907ec"

[[package]]
name = "rust-lzma"
version = "0.6.0"
source = "registry+https://github.com/rust-lang/crates.io-index"
checksum = "7d62915608f6cee1d7f2fc00f28b4f058ff79d6e4ec3c2fe0006b09b52437c84"
dependencies = [
 "pkg-config",
 "vcpkg",
]

[[package]]
name = "servicepoint"
version = "0.5.1"
source = "registry+https://github.com/rust-lang/crates.io-index"
checksum = "9c3f63fe45d7ce29066441419ed98d110b3b68f2022dbeabc3f43e757fe4138a"
dependencies = [
 "log",
 "rust-lzma",
]

[[package]]
name = "servicepoint-nexus"
version = "0.1.0"
dependencies = [
 "servicepoint",
]

[[package]]
name = "vcpkg"
version = "0.2.15"
source = "registry+https://github.com/rust-lang/crates.io-index"
checksum = "accd4ea62f7bb7a82fe23066fb0957d48ef677f6eeb8215f372f52e48bb32426"
